
Microsoft Visual Studio Solution File, Format Version 12.00
# Visual Studio Version 17
VisualStudioVersion = 17.7.34031.279
MinimumVisualStudioVersion = 10.0.40219.1
Project("{FAE04EC0-301F-11D3-BF4B-00C04F79EFBC}") = "Arduinoilkdeneme", "Arduinoilkdeneme.csproj", "{409F81AB-9F37-49F9-9894-76B43FF2C2FC}"
EndProject
Global
	GlobalSection(SolutionConfigurationPlatforms) = preSolution
		Debug|Any CPU = Debug|Any CPU
		Release|Any CPU = Release|Any CPU
	EndGlobalSection
	GlobalSection(ProjectConfigurationPlatforms) = postSolution
		{409F81AB-9F37-49F9-9894-76B43FF2C2FC}.Debug|Any CPU.ActiveCfg = Debug|Any CPU
		{409F81AB-9F37-49F9-9894-76B43FF2C2FC}.Debug|Any CPU.Build.0 = Debug|Any CPU
		{409F81AB-9F37-49F9-9894-76B43FF2C2FC}.Release|Any CPU.ActiveCfg = Release|Any CPU
		{409F81AB-9F37-49F9-9894-76B43FF2C2FC}.Release|Any CPU.Build.0 = Release|Any CPU
	EndGlobalSection
	GlobalSection(SolutionProperties) = preSolution
		HideSolutionNode = FALSE
	EndGlobalSection
	GlobalSection(ExtensibilityGlobals) = postSolution
		SolutionGuid = {80F137E4-6768-429F-8FDD-D90DD8963726}
	EndGlobalSection
EndGlobal
